{
  "name": "worker",
  "version": "1.0.0",
  "lockfileVersion": 3,
  "requires": true,
  "packages": {
    "": {
      "name": "worker",
      "version": "1.0.0",
      "license": "ISC",
      "dependencies": {
        "bgutils-js": "^4.0.3"
      }
    },
    "node_modules/bgutils-js": {
      "version": "4.0.3",
      "resolved": "https://registry.npmjs.org/bgutils-js/-/bgutils-js-4.0.3.tgz",
      "integrity": "sha512-nvhrzqRYqFcC3AJbf1fENc/jzyMk95wH9UC9ruQzTZCq+itYWuHi2a9leK/bC1lLfi+R4a28wJZxpD5KiTFf+w==",
      "funding": [
        "https://github.com/sponsors/LuanRT"
      ],
      "license": "MIT"
    }
  }
}
